
Microsoft Visual Studio Solution File, Format Version 12.00
# Visual Studio Version 17
VisualStudioVersion = 17.0.31919.166
MinimumVisualStudioVersion = 10.0.40219.1
Project("{888888A0-9F3D-457C-B088-3A5042F75D52}") = "AdventOfCode2021", "AdventOfCode2021.pyproj", "{292BAA10-3D8F-401D-B412-8ADB0F6A3226}"
EndProject
Global
	GlobalSection(SolutionConfigurationPlatforms) = preSolution
		Debug|Any CPU = Debug|Any CPU
		Release|Any CPU = Release|Any CPU
	EndGlobalSection
	GlobalSection(ProjectConfigurationPlatforms) = postSolution
		{292BAA10-3D8F-401D-B412-8ADB0F6A3226}.Debug|Any CPU.ActiveCfg = Debug|Any CPU
		{292BAA10-3D8F-401D-B412-8ADB0F6A3226}.Release|Any CPU.ActiveCfg = Release|Any CPU
	EndGlobalSection
	GlobalSection(SolutionProperties) = preSolution
		HideSolutionNode = FALSE
	EndGlobalSection
	GlobalSection(ExtensibilityGlobals) = postSolution
		SolutionGuid = {5C007541-E626-48C5-B9DA-580D95F1EEB3}
	EndGlobalSection
EndGlobal
